
Microsoft Visual Studio Solution File, Format Version 12.00
# Visual Studio 15
VisualStudioVersion = 15.0.28307.1082
MinimumVisualStudioVersion = 10.0.40219.1
Project("{8BC9CEB8-8B4A-11D0-8D11-00A0C91BC942}") = "C7D", "C7D\C7D.vcxproj", "{AB112555-5945-4AA5-B03D-4D2B1CCE4496}"
EndProject
Global
	GlobalSection(SolutionConfigurationPlatforms) = preSolution
		Debug|x64 = Debug|x64
		Debug|x86 = Debug|x86
		Release|x64 = Release|x64
		Release|x86 = Release|x86
	EndGlobalSection
	GlobalSection(ProjectConfigurationPlatforms) = postSolution
		{AB112555-5945-4AA5-B03D-4D2B1CCE4496}.Debug|x64.ActiveCfg = Debug|x64
		{AB112555-5945-4AA5-B03D-4D2B1CCE4496}.Debug|x64.Build.0 = Debug|x64
		{AB112555-5945-4AA5-B03D-4D2B1CCE4496}.Debug|x86.ActiveCfg = Debug|Win32
		{AB112555-5945-4AA5-B03D-4D2B1CCE4496}.Debug|x86.Build.0 = Debug|Win32
		{AB112555-5945-4AA5-B03D-4D2B1CCE4496}.Release|x64.ActiveCfg = Release|x64
		{AB112555-5945-4AA5-B03D-4D2B1CCE4496}.Release|x64.Build.0 = Release|x64
		{AB112555-5945-4AA5-B03D-4D2B1CCE4496}.Release|x86.ActiveCfg = Release|Win32
		{AB112555-5945-4AA5-B03D-4D2B1CCE4496}.Release|x86.Build.0 = Release|Win32
	EndGlobalSection
	GlobalSection(SolutionProperties) = preSolution
		HideSolutionNode = FALSE
	EndGlobalSection
	GlobalSection(ExtensibilityGlobals) = postSolution
		SolutionGuid = {8CD44594-595C-4CF6-B53E-4F4852C280D2}
	EndGlobalSection
EndGlobal
